
Microsoft Visual Studio Solution File, Format Version 12.00
# Visual Studio Version 17
VisualStudioVersion = 17.14.36518.9 d17.14
MinimumVisualStudioVersion = 10.0.40219.1
Project("{FAE04EC0-301F-11D3-BF4B-00C04F79EFBC}") = "MauiNavigacio", "MauiNavigacio\MauiNavigacio.csproj", "{198933C4-A4DF-4C73-B761-2876E7C21F4E}"
EndProject
Global
	GlobalSection(SolutionConfigurationPlatforms) = preSolution
		Debug|Any CPU = Debug|Any CPU
		Release|Any CPU = Release|Any CPU
	EndGlobalSection
	GlobalSection(ProjectConfigurationPlatforms) = postSolution
		{198933C4-A4DF-4C73-B761-2876E7C21F4E}.Debug|Any CPU.ActiveCfg = Debug|Any CPU
		{198933C4-A4DF-4C73-B761-2876E7C21F4E}.Debug|Any CPU.Build.0 = Debug|Any CPU
		{198933C4-A4DF-4C73-B761-2876E7C21F4E}.Debug|Any CPU.Deploy.0 = Debug|Any CPU
		{198933C4-A4DF-4C73-B761-2876E7C21F4E}.Release|Any CPU.ActiveCfg = Release|Any CPU
		{198933C4-A4DF-4C73-B761-2876E7C21F4E}.Release|Any CPU.Build.0 = Release|Any CPU
		{198933C4-A4DF-4C73-B761-2876E7C21F4E}.Release|Any CPU.Deploy.0 = Release|Any CPU
	EndGlobalSection
	GlobalSection(SolutionProperties) = preSolution
		HideSolutionNode = FALSE
	EndGlobalSection
	GlobalSection(ExtensibilityGlobals) = postSolution
		SolutionGuid = {C0DB30D5-678F-4E07-9759-1B9FAA59728C}
	EndGlobalSection
EndGlobal
