
Microsoft Visual Studio Solution File, Format Version 12.00
# Visual Studio Version 17
VisualStudioVersion = 17.14.36518.9 d17.14
MinimumVisualStudioVersion = 10.0.40219.1
Project("{FAE04EC0-301F-11D3-BF4B-00C04F79EFBC}") = "DllTeszt", "DllTeszt\DllTeszt.csproj", "{3D94C5EC-BAEF-4623-9733-4636A6B1C92B}"
EndProject
Project("{FAE04EC0-301F-11D3-BF4B-00C04F79EFBC}") = "HashTestProject", "HashTestProject\HashTestProject.csproj", "{5B83E860-C28E-4D5D-9AA4-CDB6EA027F17}"
EndProject
Global
	GlobalSection(SolutionConfigurationPlatforms) = preSolution
		Debug|Any CPU = Debug|Any CPU
		Release|Any CPU = Release|Any CPU
	EndGlobalSection
	GlobalSection(ProjectConfigurationPlatforms) = postSolution
		{3D94C5EC-BAEF-4623-9733-4636A6B1C92B}.Debug|Any CPU.ActiveCfg = Debug|Any CPU
		{3D94C5EC-BAEF-4623-9733-4636A6B1C92B}.Debug|Any CPU.Build.0 = Debug|Any CPU
		{3D94C5EC-BAEF-4623-9733-4636A6B1C92B}.Release|Any CPU.ActiveCfg = Release|Any CPU
		{3D94C5EC-BAEF-4623-9733-4636A6B1C92B}.Release|Any CPU.Build.0 = Release|Any CPU
		{5B83E860-C28E-4D5D-9AA4-CDB6EA027F17}.Debug|Any CPU.ActiveCfg = Debug|Any CPU
		{5B83E860-C28E-4D5D-9AA4-CDB6EA027F17}.Debug|Any CPU.Build.0 = Debug|Any CPU
		{5B83E860-C28E-4D5D-9AA4-CDB6EA027F17}.Release|Any CPU.ActiveCfg = Release|Any CPU
		{5B83E860-C28E-4D5D-9AA4-CDB6EA027F17}.Release|Any CPU.Build.0 = Release|Any CPU
	EndGlobalSection
	GlobalSection(SolutionProperties) = preSolution
		HideSolutionNode = FALSE
	EndGlobalSection
	GlobalSection(ExtensibilityGlobals) = postSolution
		SolutionGuid = {6DA3064D-303A-4901-903E-F3CEA897914A}
	EndGlobalSection
EndGlobal
