
Microsoft Visual Studio Solution File, Format Version 12.00
# Visual Studio Version 17
VisualStudioVersion = 17.14.36518.9 d17.14
MinimumVisualStudioVersion = 10.0.40219.1
Project("{FAE04EC0-301F-11D3-BF4B-00C04F79EFBC}") = "HajoVizsgafeladat", "HajoVizsgafeladat\HajoVizsgafeladat.csproj", "{D58CF56D-760E-417F-9F05-348C1739340F}"
EndProject
Global
	GlobalSection(SolutionConfigurationPlatforms) = preSolution
		Debug|Any CPU = Debug|Any CPU
		Release|Any CPU = Release|Any CPU
	EndGlobalSection
	GlobalSection(ProjectConfigurationPlatforms) = postSolution
		{D58CF56D-760E-417F-9F05-348C1739340F}.Debug|Any CPU.ActiveCfg = Debug|Any CPU
		{D58CF56D-760E-417F-9F05-348C1739340F}.Debug|Any CPU.Build.0 = Debug|Any CPU
		{D58CF56D-760E-417F-9F05-348C1739340F}.Release|Any CPU.ActiveCfg = Release|Any CPU
		{D58CF56D-760E-417F-9F05-348C1739340F}.Release|Any CPU.Build.0 = Release|Any CPU
	EndGlobalSection
	GlobalSection(SolutionProperties) = preSolution
		HideSolutionNode = FALSE
	EndGlobalSection
	GlobalSection(ExtensibilityGlobals) = postSolution
		SolutionGuid = {F2341ED2-4D3B-45DC-9A83-E8852861DC86}
	EndGlobalSection
EndGlobal
